
Microsoft Visual Studio Solution File, Format Version 12.00
# Visual Studio Version 16
VisualStudioVersion = 16.0.32413.511
MinimumVisualStudioVersion = 10.0.40219.1
Project("{FAE04EC0-301F-11D3-BF4B-00C04F79EFBC}") = "SmartLibreria", "SmartLibreria\SmartLibreria.csproj", "{4F06EC4F-FD06-4059-9645-D641F922C801}"
EndProject
Global
	GlobalSection(SolutionConfigurationPlatforms) = preSolution
		Debug|Any CPU = Debug|Any CPU
		Release|Any CPU = Release|Any CPU
	EndGlobalSection
	GlobalSection(ProjectConfigurationPlatforms) = postSolution
		{4F06EC4F-FD06-4059-9645-D641F922C801}.Debug|Any CPU.ActiveCfg = Debug|Any CPU
		{4F06EC4F-FD06-4059-9645-D641F922C801}.Debug|Any CPU.Build.0 = Debug|Any CPU
		{4F06EC4F-FD06-4059-9645-D641F922C801}.Release|Any CPU.ActiveCfg = Release|Any CPU
		{4F06EC4F-FD06-4059-9645-D641F922C801}.Release|Any CPU.Build.0 = Release|Any CPU
	EndGlobalSection
	GlobalSection(SolutionProperties) = preSolution
		HideSolutionNode = FALSE
	EndGlobalSection
	GlobalSection(ExtensibilityGlobals) = postSolution
		SolutionGuid = {F1382F11-8B83-4932-A547-5F5034641130}
	EndGlobalSection
EndGlobal
